PODS:
  - JGProgressHUD (2.1)
  - secux-paymentdevicekit (1.0.6)

DEPENDENCIES:
  - JGProgressHUD
  - secux-paymentdevicekit

SPEC REPOS:
  trunk:
    - JGProgressHUD
    - secux-paymentdevicekit

SPEC CHECKSUMS:
  JGProgressHUD: aa403e9a5b45cae98903c4600cccdd98c0c3ec90
  secux-paymentdevicekit: f89b4febab767c5a20eb259ea93614adfd33166e

PODFILE CHECKSUM: f43472d461cce08a0580ab9a012f8a18c9918ded

COCOAPODS: 1.9.1
